dependencies:
  mathjs: 6.5.0
lockfileVersion: 5.1
packages:
  /complex.js/2.0.11:
    dev: false
    resolution:
      integrity: sha512-6IArJLApNtdg1P1dFtn3dnyzoZBEF0MwMnrfF1exSBRpZYoy4yieMkpZhQDC0uwctw48vii0CFVyHfpgZ/DfGw==
  /decimal.js/10.2.0:
    dev: false
    resolution:
      integrity: sha512-vDPw+rDgn3bZe1+F/pyEwb1oMG2XTlRVgAa6B4KccTEpYgF8w6eQllVbQcfIJnZyvzFtFpxnpGtx8dd7DJp/Rw==
  /escape-latex/1.2.0:
    dev: false
    resolution:
      integrity: sha512-nV5aVWW1K0wEiUIEdZ4erkGGH8mDxGyxSeqPzRNtWP7ataw+/olFObw7hujFWlVjNsaDFw5VZ5NzVSIqRgfTiw==
  /fraction.js/4.0.12:
    dev: false
    resolution:
      integrity: sha512-8Z1K0VTG4hzYY7kA/1sj4/r1/RWLBD3xwReT/RCrUCbzPszjNQCCsy3ktkU/eaEqX3MYa4pY37a52eiBlPMlhA==
  /javascript-natural-sort/0.7.1:
    dev: false
    resolution:
      integrity: sha1-+eIwPUUH9tdDVac2ZNFED7Wg71k=
  /mathjs/6.5.0:
    dependencies:
      complex.js: 2.0.11
      decimal.js: 10.2.0
      escape-latex: 1.2.0
      fraction.js: 4.0.12
      javascript-natural-sort: 0.7.1
      seed-random: 2.2.0
      tiny-emitter: 2.1.0
      typed-function: 1.1.1
    dev: false
    engines:
      node: '>= 8'
    hasBin: true
    resolution:
      integrity: sha512-QhOJiswL8W7UBS2tYm9i1BQLK6EQWdCI38/m65fttNDfT+RZV5iw8s/sm+i1HmA4P+NFzg7DoyMGfaQmwYRPpA==
  /seed-random/2.2.0:
    dev: false
    resolution:
      integrity: sha1-KpsZ4lCoFwmSMaW5mk2vgLf77VQ=
  /tiny-emitter/2.1.0:
    dev: false
    resolution:
      integrity: sha512-NB6Dk1A9xgQPMoGqC5CVXn123gWyte215ONT5Pp5a0yt4nlEoO1ZWeCwpncaekPHXO60i47ihFnZPiRPjRMq4Q==
  /typed-function/1.1.1:
    dev: false
    engines:
      node: '>= 6'
    resolution:
      integrity: sha512-RbN7MaTQBZLJYzDENHPA0nUmWT0Ex80KHItprrgbTPufYhIlTePvCXZxyQK7wgn19FW5bnuaBIKcBb5mRWjB1Q==
specifiers:
  mathjs: ^6.5.0
